Microsoft Visual Studio Solution File, Format Version 11.00
# Visual Studio 2008

Project("{45C9260C-B72B-40F6-FFCB-BBE668685458}") = "ScriptTemplates", "Assembly-CSharp.csproj", "{94237D3A-B78D-F83A-9187-AD386606CCB9}"
EndProject
Global
	GlobalSection(SolutionConfigurationPlatforms) = preSolution
		Debug|Any CPU = Debug|Any CPU
		Release|Any CPU = Release|Any CPU
	EndGlobalSection
	GlobalSection(ProjectConfigurationPlatforms) = postSolution
		{94237D3A-B78D-F83A-9187-AD386606CCB9}.Debug|Any CPU.ActiveCfg = Debug|Any CPU
		{94237D3A-B78D-F83A-9187-AD386606CCB9}.Debug|Any CPU.Build.0 = Debug|Any CPU
		{94237D3A-B78D-F83A-9187-AD386606CCB9}.Release|Any CPU.ActiveCfg = Release|Any CPU
		{94237D3A-B78D-F83A-9187-AD386606CCB9}.Release|Any CPU.Build.0 = Release|Any CPU
	EndGlobalSection
	GlobalSection(SolutionProperties) = preSolution
		HideSolutionNode = FALSE
	EndGlobalSection
	GlobalSection(MonoDevelopProperties) = preSolution
		StartupItem = Assembly-CSharp.csproj
	EndGlobalSection
EndGlobal
